// !$*UTF8*$!
{
	archiveVersion = 1;
	classes = {
	};
	objectVersion = 50;
	objects = {

/* Begin PBXBuildFile section */
		E92BB6122154774B009DC303 /* AppDelegate.swift in Sources */ = {isa = PBXBuildFile; fileRef = E92BB6112154774B009DC303 /* AppDelegate.swift */; };
		E92BB6142154774B009DC303 /* ViewController.swift in Sources */ = {isa = PBXBuildFile; fileRef = E92BB6132154774B009DC303 /* ViewController.swift */; };
		E92BB6172154774B009DC303 /* Main.storyboard in Resources */ = {isa = PBXBuildFile; fileRef = E92BB6152154774B009DC303 /* Main.storyboard */; };
		E92BB6192154774C009DC303 /* Assets.xcassets in Resources */ = {isa = PBXBuildFile; fileRef = E92BB6182154774C009DC303 /* Assets.xcassets */; };
		E92BB61C2154774C009DC303 /* LaunchScreen.storyboard in Resources */ = {isa = PBXBuildFile; fileRef = E92BB61A2154774C009DC303 /* LaunchScreen.storyboard */; };
		E92BB637215480F9009DC303 /* decimal in Resources */ = {isa = PBXBuildFile; fileRef = E92BB624215480F9009DC303 /* decimal */; };
		E92BB638215480F9009DC303 /* ac in Resources */ = {isa = PBXBuildFile; fileRef = E92BB625215480F9009DC303 /* ac */; };
		E92BB639215480F9009DC303 /* subtract in Resources */ = {isa = PBXBuildFile; fileRef = E92BB626215480F9009DC303 /* subtract */; };
		E92BB63A215480F9009DC303 /* multiply in Resources */ = {isa = PBXBuildFile; fileRef = E92BB627215480F9009DC303 /* multiply */; };
		E92BB63B215480F9009DC303 /* divide in Resources */ = {isa = PBXBuildFile; fileRef = E92BB628215480F9009DC303 /* divide */; };
		E92BB63C215480F9009DC303 /* percent in Resources */ = {isa = PBXBuildFile; fileRef = E92BB629215480F9009DC303 /* percent */; };
		E92BB63D215480F9009DC303 /* 9 in Resources */ = {isa = PBXBuildFile; fileRef = E92BB62A215480F9009DC303 /* 9 */; };
		E92BB63E215480F9009DC303 /* 0 in Resources */ = {isa = PBXBuildFile; fileRef = E92BB62B215480F9009DC303 /* 0 */; };
		E92BB63F215480F9009DC303 /* 7 in Resources */ = {isa = PBXBuildFile; fileRef = E92BB62C215480F9009DC303 /* 7 */; };
		E92BB640215480F9009DC303 /* 6 in Resources */ = {isa = PBXBuildFile; fileRef = E92BB62D215480F9009DC303 /* 6 */; };
		E92BB641215480F9009DC303 /* 1 in Resources */ = {isa = PBXBuildFile; fileRef = E92BB62E215480F9009DC303 /* 1 */; };
		E92BB642215480F9009DC303 /* 8 in Resources */ = {isa = PBXBuildFile; fileRef = E92BB62F215480F9009DC303 /* 8 */; };
		E92BB643215480F9009DC303 /* equals in Resources */ = {isa = PBXBuildFile; fileRef = E92BB630215480F9009DC303 /* equals */; };
		E92BB644215480F9009DC303 /* add in Resources */ = {isa = PBXBuildFile; fileRef = E92BB631215480F9009DC303 /* add */; };
		E92BB645215480F9009DC303 /* plusminus in Resources */ = {isa = PBXBuildFile; fileRef = E92BB632215480F9009DC303 /* plusminus */; };
		E92BB646215480F9009DC303 /* 4 in Resources */ = {isa = PBXBuildFile; fileRef = E92BB633215480F9009DC303 /* 4 */; };
		E92BB647215480F9009DC303 /* 3 in Resources */ = {isa = PBXBuildFile; fileRef = E92BB634215480F9009DC303 /* 3 */; };
		E92BB648215480F9009DC303 /* 2 in Resources */ = {isa = PBXBuildFile; fileRef = E92BB635215480F9009DC303 /* 2 */; };
		E92BB649215480F9009DC303 /* 5 in Resources */ = {isa = PBXBuildFile; fileRef = E92BB636215480F9009DC303 /* 5 */; };
/* End PBXBuildFile section */

/* Begin PBXFileReference section */
		E92BB60E2154774B009DC303 /* MAPD714-F2018-Lesson3.app */ = {isa = PBXFileReference; explicitFileType = wrapper.application; includeInIndex = 0; path = "MAPD714-F2018-Lesson3.app"; sourceTree = BUILT_PRODUCTS_DIR; };
		E92BB6112154774B009DC303 /* AppDelegate.swift */ = {isa = PBXFileReference; lastKnownFileType = sourcecode.swift; path = AppDelegate.swift; sourceTree = "<group>"; };
		E92BB6132154774B009DC303 /* ViewController.swift */ = {isa = PBXFileReference; lastKnownFileType = sourcecode.swift; path = ViewController.swift; sourceTree = "<group>"; };
		E92BB6162154774B009DC303 /* Base */ = {isa = PBXFileReference; lastKnownFileType = file.storyboard; name = Base; path = Base.lproj/Main.storyboard; sourceTree = "<group>"; };
		E92BB6182154774C009DC303 /* Assets.xcassets */ = {isa = PBXFileReference; lastKnownFileType = folder.assetcatalog; path = Assets.xcassets; sourceTree = "<group>"; };
		E92BB61B2154774C009DC303 /* Base */ = {isa = PBXFileReference; lastKnownFileType = file.storyboard; name = Base; path = Base.lproj/LaunchScreen.storyboard; sourceTree = "<group>"; };
		E92BB61D2154774C009DC303 /* Info.plist */ = {isa = PBXFileReference; lastKnownFileType = text.plist.xml; path = Info.plist; sourceTree = "<group>"; };
		E92BB624215480F9009DC303 /* decimal */ = {isa = PBXFileReference; lastKnownFileType = file; path = decimal; sourceTree = "<group>"; };
		E92BB625215480F9009DC303 /* ac */ = {isa = PBXFileReference; lastKnownFileType = file; path = ac; sourceTree = "<group>"; };
		E92BB626215480F9009DC303 /* subtract */ = {isa = PBXFileReference; lastKnownFileType = file; path = subtract; sourceTree = "<group>"; };
		E92BB627215480F9009DC303 /* multiply */ = {isa = PBXFileReference; lastKnownFileType = file; path = multiply; sourceTree = "<group>"; };
		E92BB628215480F9009DC303 /* divide */ = {isa = PBXFileReference; lastKnownFileType = file; path = divide; sourceTree = "<group>"; };
		E92BB629215480F9009DC303 /* percent */ = {isa = PBXFileReference; lastKnownFileType = file; path = percent; sourceTree = "<group>"; };
		E92BB62A215480F9009DC303 /* 9 */ = {isa = PBXFileReference; lastKnownFileType = file; path = 9; sourceTree = "<group>"; };
		E92BB62B215480F9009DC303 /* 0 */ = {isa = PBXFileReference; lastKnownFileType = file; path = 0; sourceTree = "<group>"; };
		E92BB62C215480F9009DC303 /* 7 */ = {isa = PBXFileReference; lastKnownFileType = file; path = 7; sourceTree = "<group>"; };
		E92BB62D215480F9009DC303 /* 6 */ = {isa = PBXFileReference; lastKnownFileType = file; path = 6; sourceTree = "<group>"; };
		E92BB62E215480F9009DC303 /* 1 */ = {isa = PBXFileReference; lastKnownFileType = file; path = 1; sourceTree = "<group>"; };
		E92BB62F215480F9009DC303 /* 8 */ = {isa = PBXFileReference; lastKnownFileType = file; path = 8; sourceTree = "<group>"; };
		E92BB630215480F9009DC303 /* equals */ = {isa = PBXFileReference; lastKnownFileType = file; path = equals; sourceTree = "<group>"; };
		E92BB631215480F9009DC303 /* add */ = {isa = PBXFileReference; lastKnownFileType = file; path = add; sourceTree = "<group>"; };
		E92BB632215480F9009DC303 /* plusminus */ = {isa = PBXFileReference; lastKnownFileType = file; path = plusminus; sourceTree = "<group>"; };
		E92BB633215480F9009DC303 /* 4 */ = {isa = PBXFileReference; lastKnownFileType = file; path = 4; sourceTree = "<group>"; };
		E92BB634215480F9009DC303 /* 3 */ = {isa = PBXFileReference; lastKnownFileType = file; path = 3; sourceTree = "<group>"; };
		E92BB635215480F9009DC303 /* 2 */ = {isa = PBXFileReference; lastKnownFileType = file; path = 2; sourceTree = "<group>"; };
		E92BB636215480F9009DC303 /* 5 */ = {isa = PBXFileReference; lastKnownFileType = file; path = 5; sourceTree = "<group>"; };
/* End PBXFileReference section */

/* Begin PBXFrameworksBuildPhase section */
		E92BB60B2154774B009DC303 /* Frameworks */ = {
			isa = PBXFrameworksBuildPhase;
			buildActionMask = 2147483647;
			files = (
			);
			runOnlyForDeploymentPostprocessing = 0;
		};
/* End PBXFrameworksBuildPhase section */

/* Begin PBXGroup section */
		E92BB6052154774B009DC303 = {
			isa = PBXGroup;
			children = (
				E92BB6102154774B009DC303 /* MAPD714-F2018-Lesson3 */,
				E92BB60F2154774B009DC303 /* Products */,
			);
			sourceTree = "<group>";
		};
		E92BB60F2154774B009DC303 /* Products */ = {
			isa = PBXGroup;
			children = (
				E92BB60E2154774B009DC303 /* MAPD714-F2018-Lesson3.app */,
			);
			name = Products;
			sourceTree = "<group>";
		};
		E92BB6102154774B009DC303 /* MAPD714-F2018-Lesson3 */ = {
			isa = PBXGroup;
			children = (
				E92BB6112154774B009DC303 /* AppDelegate.swift */,
				E92BB6132154774B009DC303 /* ViewController.swift */,
				E92BB6152154774B009DC303 /* Main.storyboard */,
				E92BB6182154774C009DC303 /* Assets.xcassets */,
				E92BB61A2154774C009DC303 /* LaunchScreen.storyboard */,
				E92BB623215480F9009DC303 /* Buttons */,
				E92BB61D2154774C009DC303 /* Info.plist */,
			);
			path = "MAPD714-F2018-Lesson3";
			sourceTree = "<group>";
		};
		E92BB623215480F9009DC303 /* Buttons */ = {
			isa = PBXGroup;
			children = (
				E92BB624215480F9009DC303 /* decimal */,
				E92BB625215480F9009DC303 /* ac */,
				E92BB626215480F9009DC303 /* subtract */,
				E92BB627215480F9009DC303 /* multiply */,
				E92BB628215480F9009DC303 /* divide */,
				E92BB629215480F9009DC303 /* percent */,
				E92BB62A215480F9009DC303 /* 9 */,
				E92BB62B215480F9009DC303 /* 0 */,
				E92BB62C215480F9009DC303 /* 7 */,
				E92BB62D215480F9009DC303 /* 6 */,
				E92BB62E215480F9009DC303 /* 1 */,
				E92BB62F215480F9009DC303 /* 8 */,
				E92BB630215480F9009DC303 /* equals */,
				E92BB631215480F9009DC303 /* add */,
				E92BB632215480F9009DC303 /* plusminus */,
				E92BB633215480F9009DC303 /* 4 */,
				E92BB634215480F9009DC303 /* 3 */,
				E92BB635215480F9009DC303 /* 2 */,
				E92BB636215480F9009DC303 /* 5 */,
			);
			path = Buttons;
			sourceTree = "<group>";
		};
/* End PBXGroup section */

/* Begin PBXNativeTarget section */
		E92BB60D2154774B009DC303 /* MAPD714-F2018-Lesson3 */ = {
			isa = PBXNativeTarget;
			buildConfigurationList = E92BB6202154774C009DC303 /* Build configuration list for PBXNativeTarget "MAPD714-F2018-Lesson3" */;
			buildPhases = (
				E92BB60A2154774B009DC303 /* Sources */,
				E92BB60B2154774B009DC303 /* Frameworks */,
				E92BB60C2154774B009DC303 /* Resources */,
			);
			buildRules = (
			);
			dependencies = (
			);
			name = "MAPD714-F2018-Lesson3";
			productName = "MAPD714-F2018-Lesson3";
			productReference = E92BB60E2154774B009DC303 /* MAPD714-F2018-Lesson3.app */;
			productType = "com.apple.product-type.application";
		};
/* End PBXNativeTarget section */

/* Begin PBXProject section */
		E92BB6062154774B009DC303 /* Project object */ = {
			isa = PBXProject;
			attributes = {
				LastSwiftUpdateCheck = 0940;
				LastUpgradeCheck = 0940;
				ORGANIZATIONNAME = CentennialCollege;
				TargetAttributes = {
					E92BB60D2154774B009DC303 = {
						CreatedOnToolsVersion = 9.4.1;
					};
				};
			};
			buildConfigurationList = E92BB6092154774B009DC303 /* Build configuration list for PBXProject "MAPD714-F2018-Lesson3" */;
			compatibilityVersion = "Xcode 9.3";
			developmentRegion = en;
			hasScannedForEncodings = 0;
			knownRegions = (
				en,
				Base,
			);
			mainGroup = E92BB6052154774B009DC303;
			productRefGroup = E92BB60F2154774B009DC303 /* Products */;
			projectDirPath = "";
			projectRoot = "";
			targets = (
				E92BB60D2154774B009DC303 /* MAPD714-F2018-Lesson3 */,
			);
		};
/* End PBXProject section */

/* Begin PBXResourcesBuildPhase section */
		E92BB60C2154774B009DC303 /* Resources */ = {
			isa = PBXResourcesBuildPhase;
			buildActionMask = 2147483647;
			files = (
				E92BB63F215480F9009DC303 /* 7 in Resources */,
				E92BB643215480F9009DC303 /* equals in Resources */,
				E92BB638215480F9009DC303 /* ac in Resources */,
				E92BB61C2154774C009DC303 /* LaunchScreen.storyboard in Resources */,
				E92BB647215480F9009DC303 /* 3 in Resources */,
				E92BB63E215480F9009DC303 /* 0 in Resources */,
				E92BB649215480F9009DC303 /* 5 in Resources */,
				E92BB645215480F9009DC303 /* plusminus in Resources */,
				E92BB63D215480F9009DC303 /* 9 in Resources */,
				E92BB6192154774C009DC303 /* Assets.xcassets in Resources */,
				E92BB63C215480F9009DC303 /* percent in Resources */,
				E92BB63B215480F9009DC303 /* divide in Resources */,
				E92BB641215480F9009DC303 /* 1 in Resources */,
				E92BB642215480F9009DC303 /* 8 in Resources */,
				E92BB63A215480F9009DC303 /* multiply in Resources */,
				E92BB637215480F9009DC303 /* decimal in Resources */,
				E92BB640215480F9009DC303 /* 6 in Resources */,
				E92BB646215480F9009DC303 /* 4 in Resources */,
				E92BB639215480F9009DC303 /* subtract in Resources */,
				E92BB648215480F9009DC303 /* 2 in Resources */,
				E92BB6172154774B009DC303 /* Main.storyboard in Resources */,
				E92BB644215480F9009DC303 /* add in Resources */,
			);
			runOnlyForDeploymentPostprocessing = 0;
		};
/* End PBXResourcesBuildPhase section */

/* Begin PBXSourcesBuildPhase section */
		E92BB60A2154774B009DC303 /* Sources */ = {
			isa = PBXSourcesBuildPhase;
			buildActionMask = 2147483647;
			files = (
				E92BB6142154774B009DC303 /* ViewController.swift in Sources */,
				E92BB6122154774B009DC303 /* AppDelegate.swift in Sources */,
			);
			runOnlyForDeploymentPostprocessing = 0;
		};
/* End PBXSourcesBuildPhase section */

/* Begin PBXVariantGroup section */
		E92BB6152154774B009DC303 /* Main.storyboard */ = {
			isa = PBXVariantGroup;
			children = (
				E92BB6162154774B009DC303 /* Base */,
			);
			name = Main.storyboard;
			sourceTree = "<group>";
		};
		E92BB61A2154774C009DC303 /* LaunchScreen.storyboard */ = {
			isa = PBXVariantGroup;
			children = (
				E92BB61B2154774C009DC303 /* Base */,
			);
			name = LaunchScreen.storyboard;
			sourceTree = "<group>";
		};
/* End PBXVariantGroup section */

/* Begin XCBuildConfiguration section */
		E92BB61E2154774C009DC303 /* Debug */ = {
			isa = XCBuildConfiguration;
			buildSettings = {
				ALWAYS_SEARCH_USER_PATHS = NO;
				CLANG_ANALYZER_NONNULL = YES;
				CLANG_ANALYZER_NUMBER_OBJECT_CONVERSION = YES_AGGRESSIVE;
				CLANG_CXX_LANGUAGE_STANDARD = "gnu++14";
				CLANG_CXX_LIBRARY = "libc++";
				CLANG_ENABLE_MODULES = YES;
				CLANG_ENABLE_OBJC_ARC = YES;
				CLANG_ENABLE_OBJC_WEAK = YES;
				CLANG_WARN_BLOCK_CAPTURE_AUTORELEASING = YES;
				CLANG_WARN_BOOL_CONVERSION = YES;
				CLANG_WARN_COMMA = YES;
				CLANG_WARN_CONSTANT_CONVERSION = YES;
				CLANG_WARN_DEPRECATED_OBJC_IMPLEMENTATIONS = YES;
				CLANG_WARN_DIRECT_OBJC_ISA_USAGE = YES_ERROR;
				CLANG_WARN_DOCUMENTATION_COMMENTS = YES;
				CLANG_WARN_EMPTY_BODY = YES;
				CLANG_WARN_ENUM_CONVERSION = YES;
				CLANG_WARN_INFINITE_RECURSION = YES;
				CLANG_WARN_INT_CONVERSION = YES;
				CLANG_WARN_NON_LITERAL_NULL_CONVERSION = YES;
				CLANG_WARN_OBJC_IMPLICIT_RETAIN_SELF = YES;
				CLANG_WARN_OBJC_LITERAL_CONVERSION = YES;
				CLANG_WARN_OBJC_ROOT_CLASS = YES_ERROR;
				CLANG_WARN_RANGE_LOOP_ANALYSIS = YES;
				CLANG_WARN_STRICT_PROTOTYPES = YES;
				CLANG_WARN_SUSPICIOUS_MOVE = YES;
				CLANG_WARN_UNGUARDED_AVAILABILITY = YES_AGGRESSIVE;
				CLANG_WARN_UNREACHABLE_CODE = YES;
				CLANG_WARN__DUPLICATE_METHOD_MATCH = YES;
				CODE_SIGN_IDENTITY = "iPhone Developer";
				COPY_PHASE_STRIP = NO;
				DEBUG_INFORMATION_FORMAT = dwarf;
				ENABLE_STRICT_OBJC_MSGSEND = YES;
				ENABLE_TESTABILITY = YES;
				GCC_C_LANGUAGE_STANDARD = gnu11;
				GCC_DYNAMIC_NO_PIC = NO;
				GCC_NO_COMMON_BLOCKS = YES;
				GCC_OPTIMIZATION_LEVEL = 0;
				GCC_PREPROCESSOR_DEFINITIONS = (
					"DEBUG=1",
					"$(inherited)",
				);
				GCC_WARN_64_TO_32_BIT_CONVERSION = YES;
				GCC_WARN_ABOUT_RETURN_TYPE = YES_ERROR;
				GCC_WARN_UNDECLARED_SELECTOR = YES;
				GCC_WARN_UNINITIALIZED_AUTOS = YES_AGGRESSIVE;
				GCC_WARN_UNUSED_FUNCTION = YES;
				GCC_WARN_UNUSED_VARIABLE = YES;
				IPHONEOS_DEPLOYMENT_TARGET = 11.4;
				MTL_ENABLE_DEBUG_INFO = YES;
				ONLY_ACTIVE_ARCH = YES;
				SDKROOT = iphoneos;
				SWIFT_ACTIVE_COMPILATION_CONDITIONS = DEBUG;
				SWIFT_OPTIMIZATION_LEVEL = "-Onone";
			};
			name = Debug;
		};
		E92BB61F2154774C009DC303 /* Release */ = {
			isa = XCBuildConfiguration;
			buildSettings = {
				ALWAYS_SEARCH_USER_PATHS = NO;
				CLANG_ANALYZER_NONNULL = YES;
				CLANG_ANALYZER_NUMBER_OBJECT_CONVERSION = YES_AGGRESSIVE;
				CLANG_CXX_LANGUAGE_STANDARD = "gnu++14";
				CLANG_CXX_LIBRARY = "libc++";
				CLANG_ENABLE_MODULES = YES;
				CLANG_ENABLE_OBJC_ARC = YES;
				CLANG_ENABLE_OBJC_WEAK = YES;
				CLANG_WARN_BLOCK_CAPTURE_AUTORELEASING = YES;
				CLANG_WARN_BOOL_CONVERSION = YES;
				CLANG_WARN_COMMA = YES;
				CLANG_WARN_CONSTANT_CONVERSION = YES;
				CLANG_WARN_DEPRECATED_OBJC_IMPLEMENTATIONS = YES;
				CLANG_WARN_DIRECT_OBJC_ISA_USAGE = YES_ERROR;
				CLANG_WARN_DOCUMENTATION_COMMENTS = YES;
				CLANG_WARN_EMPTY_BODY = YES;
				CLANG_WARN_ENUM_CONVERSION = YES;
				CLANG_WARN_INFINITE_RECURSION = YES;
				CLANG_WARN_INT_CONVERSION = YES;
				CLANG_WARN_NON_LITERAL_NULL_CONVERSION = YES;
				CLANG_WARN_OBJC_IMPLICIT_RETAIN_SELF = YES;
				CLANG_WARN_OBJC_LITERAL_CONVERSION = YES;
				CLANG_WARN_OBJC_ROOT_CLASS = YES_ERROR;
				CLANG_WARN_RANGE_LOOP_ANALYSIS = YES;
				CLANG_WARN_STRICT_PROTOTYPES = YES;
				CLANG_WARN_SUSPICIOUS_MOVE = YES;
				CLANG_WARN_UNGUARDED_AVAILABILITY = YES_AGGRESSIVE;
				CLANG_WARN_UNREACHABLE_CODE = YES;
				CLANG_WARN__DUPLICATE_METHOD_MATCH = YES;
				CODE_SIGN_IDENTITY = "iPhone Developer";
				COPY_PHASE_STRIP = NO;
				DEBUG_INFORMATION_FORMAT = "dwarf-with-dsym";
				ENABLE_NS_ASSERTIONS = NO;
				ENABLE_STRICT_OBJC_MSGSEND = YES;
				GCC_C_LANGUAGE_STANDARD = gnu11;
				GCC_NO_COMMON_BLOCKS = YES;
				GCC_WARN_64_TO_32_BIT_CONVERSION = YES;
				GCC_WARN_ABOUT_RETURN_TYPE = YES_ERROR;
				GCC_WARN_UNDECLARED_SELECTOR = YES;
				GCC_WARN_UNINITIALIZED_AUTOS = YES_AGGRESSIVE;
				GCC_WARN_UNUSED_FUNCTION = YES;
				GCC_WARN_UNUSED_VARIABLE = YES;
				IPHONEOS_DEPLOYMENT_TARGET = 11.4;
				MTL_ENABLE_DEBUG_INFO = NO;
				SDKROOT = iphoneos;
				SWIFT_COMPILATION_MODE = wholemodule;
				SWIFT_OPTIMIZATION_LEVEL = "-O";
				VALIDATE_PRODUCT = YES;
			};
			name = Release;
		};
		E92BB6212154774C009DC303 /* Debug */ = {
			isa = XCBuildConfiguration;
			buildSettings = {
				ASSETCATALOG_COMPILER_APPICON_NAME = AppIcon;
				CODE_SIGN_STYLE = Automatic;
				DEVELOPMENT_TEAM = 2BULHRS882;
				INFOPLIST_FILE = "MAPD714-F2018-Lesson3/Info.plist";
				LD_RUNPATH_SEARCH_PATHS = (
					"$(inherited)",
					"@executable_path/Frameworks",
				);
				PRODUCT_BUNDLE_IDENTIFIER = "ca.centennialcollege.MAPD714-F2018-Lesson3";
				PRODUCT_NAME = "$(TARGET_NAME)";
				SWIFT_VERSION = 4.0;
				TARGETED_DEVICE_FAMILY = "1,2";
			};
			name = Debug;
		};
		E92BB6222154774C009DC303 /* Release */ = {
			isa = XCBuildConfiguration;
			buildSettings = {
				ASSETCATALOG_COMPILER_APPICON_NAME = AppIcon;
				CODE_SIGN_STYLE = Automatic;
				DEVELOPMENT_TEAM = 2BULHRS882;
				INFOPLIST_FILE = "MAPD714-F2018-Lesson3/Info.plist";
				LD_RUNPATH_SEARCH_PATHS = (
					"$(inherited)",
					"@executable_path/Frameworks",
				);
				PRODUCT_BUNDLE_IDENTIFIER = "ca.centennialcollege.MAPD714-F2018-Lesson3";
				PRODUCT_NAME = "$(TARGET_NAME)";
				SWIFT_VERSION = 4.0;
				TARGETED_DEVICE_FAMILY = "1,2";
			};
			name = Release;
		};
/* End XCBuildConfiguration section */

/* Begin XCConfigurationList section */
		E92BB6092154774B009DC303 /* Build configuration list for PBXProject "MAPD714-F2018-Lesson3" */ = {
			isa = XCConfigurationList;
			buildConfigurations = (
				E92BB61E2154774C009DC303 /* Debug */,
				E92BB61F2154774C009DC303 /* Release */,
			);
			defaultConfigurationIsVisible = 0;
			defaultConfigurationName = Release;
		};
		E92BB6202154774C009DC303 /* Build configuration list for PBXNativeTarget "MAPD714-F2018-Lesson3" */ = {
			isa = XCConfigurationList;
			buildConfigurations = (
				E92BB6212154774C009DC303 /* Debug */,
				E92BB6222154774C009DC303 /* Release */,
			);
			defaultConfigurationIsVisible = 0;
			defaultConfigurationName = Release;
		};
/* End XCConfigurationList section */
	};
	rootObject = E92BB6062154774B009DC303 /* Project object */;
}
